
Microsoft Visual Studio Solution File, Format Version 12.00
# Visual Studio Version 17
VisualStudioVersion = 17.1.32210.238
MinimumVisualStudioVersion = 10.0.40219.1
Project("{FAE04EC0-301F-11D3-BF4B-00C04F79EFBC}") = "Pokedex.WindowsForm", "Pokedex.WindowsForm\Pokedex.WindowsForm.csproj", "{7026B114-57D1-4545-87CB-D3D271A38B54}"
EndProject
Global
	GlobalSection(SolutionConfigurationPlatforms) = preSolution
		Debug|Any CPU = Debug|Any CPU
		Release|Any CPU = Release|Any CPU
	EndGlobalSection
	GlobalSection(ProjectConfigurationPlatforms) = postSolution
		{7026B114-57D1-4545-87CB-D3D271A38B54}.Debug|Any CPU.ActiveCfg = Debug|Any CPU
		{7026B114-57D1-4545-87CB-D3D271A38B54}.Debug|Any CPU.Build.0 = Debug|Any CPU
		{7026B114-57D1-4545-87CB-D3D271A38B54}.Release|Any CPU.ActiveCfg = Release|Any CPU
		{7026B114-57D1-4545-87CB-D3D271A38B54}.Release|Any CPU.Build.0 = Release|Any CPU
	EndGlobalSection
	GlobalSection(SolutionProperties) = preSolution
		HideSolutionNode = FALSE
	EndGlobalSection
	GlobalSection(ExtensibilityGlobals) = postSolution
		SolutionGuid = {EFC6327A-D0F6-4BEB-A15F-2AD16B3F2C2D}
	EndGlobalSection
EndGlobal
